
Microsoft Visual Studio Solution File, Format Version 12.00
# Visual Studio Version 16
VisualStudioVersion = 25.0.1706.5
MinimumVisualStudioVersion = 10.0.40219.1
Project("{FAE04EC0-301F-11D3-BF4B-00C04F79EFBC}") = "Proyecto No.2_SOB_1022723", "Proyecto No.2_SOB_1022723\Proyecto No.2_SOB_1022723.csproj", "{78C3CCB6-85D5-40AB-9ACC-1953ECA0363E}"
EndProject
Global
	GlobalSection(SolutionConfigurationPlatforms) = preSolution
		Debug|Any CPU = Debug|Any CPU
		Release|Any CPU = Release|Any CPU
	EndGlobalSection
	GlobalSection(ProjectConfigurationPlatforms) = postSolution
		{78C3CCB6-85D5-40AB-9ACC-1953ECA0363E}.Debug|Any CPU.ActiveCfg = Debug|Any CPU
		{78C3CCB6-85D5-40AB-9ACC-1953ECA0363E}.Debug|Any CPU.Build.0 = Debug|Any CPU
		{78C3CCB6-85D5-40AB-9ACC-1953ECA0363E}.Release|Any CPU.ActiveCfg = Release|Any CPU
		{78C3CCB6-85D5-40AB-9ACC-1953ECA0363E}.Release|Any CPU.Build.0 = Release|Any CPU
	EndGlobalSection
	GlobalSection(SolutionProperties) = preSolution
		HideSolutionNode = FALSE
	EndGlobalSection
	GlobalSection(ExtensibilityGlobals) = postSolution
		SolutionGuid = {65CC7FBE-ACA1-4D5F-8128-E2AF51C685EB}
	EndGlobalSection
EndGlobal
